
Microsoft Visual Studio Solution File, Format Version 12.00
# Visual Studio Version 17
VisualStudioVersion = 17.0.31912.275
MinimumVisualStudioVersion = 10.0.40219.1
Project("{9A19103F-16F7-4668-BE54-9A1E7A4F7556}") = "http.dump.service", "http.dump.service\http.dump.service.csproj", "{A683A4CA-4DAA-4FE7-8857-AA118B1811D4}"
EndProject
Project("{2150E333-8FDC-42A3-9474-1A3956D46DE8}") = "Solution Items", "Solution Items", "{C224E89F-CDCE-40BD-97D6-007414A7A970}"
	ProjectSection(SolutionItems) = preProject
		Dockerfile = Dockerfile
	EndProjectSection
EndProject
Global
	GlobalSection(SolutionConfigurationPlatforms) = preSolution
		Debug|Any CPU = Debug|Any CPU
		Release|Any CPU = Release|Any CPU
	EndGlobalSection
	GlobalSection(ProjectConfigurationPlatforms) = postSolution
		{A683A4CA-4DAA-4FE7-8857-AA118B1811D4}.Debug|Any CPU.ActiveCfg = Debug|Any CPU
		{A683A4CA-4DAA-4FE7-8857-AA118B1811D4}.Debug|Any CPU.Build.0 = Debug|Any CPU
		{A683A4CA-4DAA-4FE7-8857-AA118B1811D4}.Release|Any CPU.ActiveCfg = Release|Any CPU
		{A683A4CA-4DAA-4FE7-8857-AA118B1811D4}.Release|Any CPU.Build.0 = Release|Any CPU
	EndGlobalSection
	GlobalSection(SolutionProperties) = preSolution
		HideSolutionNode = FALSE
	EndGlobalSection
	GlobalSection(ExtensibilityGlobals) = postSolution
		SolutionGuid = {6577930D-8DC4-41AA-ABD7-1E236F7A19E8}
	EndGlobalSection
EndGlobal
